
Microsoft Visual Studio Solution File, Format Version 12.00
# Visual Studio 15
VisualStudioVersion = 15.0.28307.705
MinimumVisualStudioVersion = 10.0.40219.1
Project("{FAE04EC0-301F-11D3-BF4B-00C04F79EFBC}") = "InfinityMesh", "InfinityMesh\InfinityMesh.csproj", "{532C1D48-65BC-4EDD-B006-70739F0F6D1C}"
EndProject
Global
	GlobalSection(SolutionConfigurationPlatforms) = preSolution
		Debug|Any CPU = Debug|Any CPU
		Release|Any CPU = Release|Any CPU
	EndGlobalSection
	GlobalSection(ProjectConfigurationPlatforms) = postSolution
		{532C1D48-65BC-4EDD-B006-70739F0F6D1C}.Debug|Any CPU.ActiveCfg = Debug|Any CPU
		{532C1D48-65BC-4EDD-B006-70739F0F6D1C}.Debug|Any CPU.Build.0 = Debug|Any CPU
		{532C1D48-65BC-4EDD-B006-70739F0F6D1C}.Release|Any CPU.ActiveCfg = Release|Any CPU
		{532C1D48-65BC-4EDD-B006-70739F0F6D1C}.Release|Any CPU.Build.0 = Release|Any CPU
	EndGlobalSection
	GlobalSection(SolutionProperties) = preSolution
		HideSolutionNode = FALSE
	EndGlobalSection
	GlobalSection(ExtensibilityGlobals) = postSolution
		SolutionGuid = {178A5D03-2D1D-431F-993B-0C4EB7833157}
	EndGlobalSection
EndGlobal
